Microsoft Visual Studio Solution File, Format Version 12.00
# Visual Studio Version 17
VisualStudioVersion = 17.5.2.0
MinimumVisualStudioVersion = 10.0.40219.1
Project("{FAE04EC0-301F-11D3-BF4B-00C04F79EFBC}") = "diasemana", "diasemana.csproj", "{A9E1849C-5A58-038C-E5DE-2E0B22518AED}"
EndProject
Global
	GlobalSection(SolutionConfigurationPlatforms) = preSolution
		Debug|Any CPU = Debug|Any CPU
		Release|Any CPU = Release|Any CPU
	EndGlobalSection
	GlobalSection(ProjectConfigurationPlatforms) = postSolution
		{A9E1849C-5A58-038C-E5DE-2E0B22518AED}.Debug|Any CPU.ActiveCfg = Debug|Any CPU
		{A9E1849C-5A58-038C-E5DE-2E0B22518AED}.Debug|Any CPU.Build.0 = Debug|Any CPU
		{A9E1849C-5A58-038C-E5DE-2E0B22518AED}.Release|Any CPU.ActiveCfg = Release|Any CPU
		{A9E1849C-5A58-038C-E5DE-2E0B22518AED}.Release|Any CPU.Build.0 = Release|Any CPU
	EndGlobalSection
	GlobalSection(SolutionProperties) = preSolution
		HideSolutionNode = FALSE
	EndGlobalSection
	GlobalSection(ExtensibilityGlobals) = postSolution
		SolutionGuid = {DBE23321-655A-402A-9CD7-9A75CE9CD702}
	EndGlobalSection
EndGlobal
